{
  "originHash" : "2e6f1b0e9206478dbf0dd12a35f74562cb1e0efa60df66f116594f050d84c0dd",
  "pins" : [
    {
      "identity" : "llama.swift",
      "kind" : "remoteSourceControl",
      "location" : "https://github.com/mattt/llama.swift",
      "state" : {
        "branch" : "main",
        "revision" : "6704a208b471c7fbb987ebc7e0a191c53974b11d"
      }
    }
  ],
  "version" : 3
}
